
Microsoft Visual Studio Solution File, Format Version 12.00
# Visual Studio Version 16
VisualStudioVersion = 16.0.30011.22
MinimumVisualStudioVersion = 10.0.40219.1
Project("{FAE04EC0-301F-11D3-BF4B-00C04F79EFBC}") = "Clippy-Jr_UI", "Clippy-Jr\Clippy-Jr_UI.csproj", "{68FF6656-0535-4351-957A-EEC2BEAB4873}"
EndProject
Global
	GlobalSection(SolutionConfigurationPlatforms) = preSolution
		Debug|Any CPU = Debug|Any CPU
		Release|Any CPU = Release|Any CPU
	EndGlobalSection
	GlobalSection(ProjectConfigurationPlatforms) = postSolution
		{68FF6656-0535-4351-957A-EEC2BEAB4873}.Debug|Any CPU.ActiveCfg = Debug|Any CPU
		{68FF6656-0535-4351-957A-EEC2BEAB4873}.Debug|Any CPU.Build.0 = Debug|Any CPU
		{68FF6656-0535-4351-957A-EEC2BEAB4873}.Release|Any CPU.ActiveCfg = Release|Any CPU
		{68FF6656-0535-4351-957A-EEC2BEAB4873}.Release|Any CPU.Build.0 = Release|Any CPU
	EndGlobalSection
	GlobalSection(SolutionProperties) = preSolution
		HideSolutionNode = FALSE
	EndGlobalSection
	GlobalSection(ExtensibilityGlobals) = postSolution
		SolutionGuid = {0B4C3CC9-164C-45DA-957F-5CE31700C60F}
	EndGlobalSection
EndGlobal
